# THIS IS AN AUTOGENERATED FILE. DO NOT EDIT THIS FILE DIRECTLY.
# yarn lockfile v1


"@nestjs/serve-static@^1.0.1":
  version "1.0.1"
  resolved "https://registry.yarnpkg.com/@nestjs/serve-static/-/serve-static-1.0.1.tgz#0a4494a927d98c3709ab01739d9380cae631f274"
  integrity sha512-XAG76ooUSk8EUILl2f56u66/q2I5n8jyEE8j3FwFihtvzMcOQxOyXnhg8Hk/tizRVTExRLFCA7MEijzevxyofw==
